
Microsoft Visual Studio Solution File, Format Version 12.00
# Visual Studio 15
VisualStudioVersion = 15.0.26730.12
MinimumVisualStudioVersion = 10.0.40219.1
Project("{9A19103F-16F7-4668-BE54-9A1E7A4F7556}") = "AdalTest.Demo.Api", "AdalTest.Demo.Api\AdalTest.Demo.Api.csproj", "{85CB4973-5EE7-4F7F-ABC8-3F55DBFE4EB3}"
EndProject
Project("{FAE04EC0-301F-11D3-BF4B-00C04F79EFBC}") = "AdalTest.Demo", "AdalTest.Demo\AdalTest.Demo.csproj", "{69B9CFCA-EBFE-41FB-A625-C478615A4290}"
EndProject
Global
	GlobalSection(SolutionConfigurationPlatforms) = preSolution
		Debug|Any CPU = Debug|Any CPU
		Release|Any CPU = Release|Any CPU
	EndGlobalSection
	GlobalSection(ProjectConfigurationPlatforms) = postSolution
		{85CB4973-5EE7-4F7F-ABC8-3F55DBFE4EB3}.Debug|Any CPU.ActiveCfg = Debug|Any CPU
		{85CB4973-5EE7-4F7F-ABC8-3F55DBFE4EB3}.Debug|Any CPU.Build.0 = Debug|Any CPU
		{85CB4973-5EE7-4F7F-ABC8-3F55DBFE4EB3}.Release|Any CPU.ActiveCfg = Release|Any CPU
		{85CB4973-5EE7-4F7F-ABC8-3F55DBFE4EB3}.Release|Any CPU.Build.0 = Release|Any CPU
		{69B9CFCA-EBFE-41FB-A625-C478615A4290}.Debug|Any CPU.ActiveCfg = Debug|Any CPU
		{69B9CFCA-EBFE-41FB-A625-C478615A4290}.Debug|Any CPU.Build.0 = Debug|Any CPU
		{69B9CFCA-EBFE-41FB-A625-C478615A4290}.Release|Any CPU.ActiveCfg = Release|Any CPU
		{69B9CFCA-EBFE-41FB-A625-C478615A4290}.Release|Any CPU.Build.0 = Release|Any CPU
	EndGlobalSection
	GlobalSection(SolutionProperties) = preSolution
		HideSolutionNode = FALSE
	EndGlobalSection
	GlobalSection(ExtensibilityGlobals) = postSolution
		SolutionGuid = {98C619BF-7A64-481B-81C4-FDC65BCA7C51}
	EndGlobalSection
EndGlobal
